// !$*UTF8*$!
{
	archiveVersion = 1;
	classes = {
	};
	objectVersion = 50;
	objects = {

/* Begin PBXBuildFile section */
		7E46FCC4258A790F00AF8981 /* CharacterDAO.swift in Sources */ = {isa = PBXBuildFile; fileRef = 7E46FCC3258A790F00AF8981 /* CharacterDAO.swift */; };
		7EE3B16C258A53700056F38B /* AppDelegate.swift in Sources */ = {isa = PBXBuildFile; fileRef = 7EE3B16B258A53700056F38B /* AppDelegate.swift */; };
		7EE3B16E258A53700056F38B /* SceneDelegate.swift in Sources */ = {isa = PBXBuildFile; fileRef = 7EE3B16D258A53700056F38B /* SceneDelegate.swift */; };
		7EE3B173258A53700056F38B /* Main.storyboard in Resources */ = {isa = PBXBuildFile; fileRef = 7EE3B171258A53700056F38B /* Main.storyboard */; };
		7EE3B175258A53770056F38B /* Assets.xcassets in Resources */ = {isa = PBXBuildFile; fileRef = 7EE3B174258A53770056F38B /* Assets.xcassets */; };
		7EE3B178258A53770056F38B /* LaunchScreen.storyboard in Resources */ = {isa = PBXBuildFile; fileRef = 7EE3B176258A53770056F38B /* LaunchScreen.storyboard */; };
		7EE3B187258A55820056F38B /* CharacterTableViewController.swift in Sources */ = {isa = PBXBuildFile; fileRef = 7EE3B186258A55820056F38B /* CharacterTableViewController.swift */; };
		7EE3B18A258A56260056F38B /* InfoTableViewCell.swift in Sources */ = {isa = PBXBuildFile; fileRef = 7EE3B189258A56260056F38B /* InfoTableViewCell.swift */; };
		7EE3B18F258A76370056F38B /* Character.swift in Sources */ = {isa = PBXBuildFile; fileRef = 7EE3B18E258A76370056F38B /* Character.swift */; };
/* End PBXBuildFile section */

/* Begin PBXFileReference section */
		7E46FCC3258A790F00AF8981 /* CharacterDAO.swift */ = {isa = PBXFileReference; lastKnownFileType = sourcecode.swift; path = CharacterDAO.swift; sourceTree = "<group>"; };
		7EE3B168258A53700056F38B /* Final Fantasy.app */ = {isa = PBXFileReference; explicitFileType = wrapper.application; includeInIndex = 0; path = "Final Fantasy.app"; sourceTree = BUILT_PRODUCTS_DIR; };
		7EE3B16B258A53700056F38B /* AppDelegate.swift */ = {isa = PBXFileReference; lastKnownFileType = sourcecode.swift; path = AppDelegate.swift; sourceTree = "<group>"; };
		7EE3B16D258A53700056F38B /* SceneDelegate.swift */ = {isa = PBXFileReference; lastKnownFileType = sourcecode.swift; path = SceneDelegate.swift; sourceTree = "<group>"; };
		7EE3B172258A53700056F38B /* Base */ = {isa = PBXFileReference; lastKnownFileType = file.storyboard; name = Base; path = Base.lproj/Main.storyboard; sourceTree = "<group>"; };
		7EE3B174258A53770056F38B /* Assets.xcassets */ = {isa = PBXFileReference; lastKnownFileType = folder.assetcatalog; path = Assets.xcassets; sourceTree = "<group>"; };
		7EE3B177258A53770056F38B /* Base */ = {isa = PBXFileReference; lastKnownFileType = file.storyboard; name = Base; path = Base.lproj/LaunchScreen.storyboard; sourceTree = "<group>"; };
		7EE3B179258A53770056F38B /* Info.plist */ = {isa = PBXFileReference; lastKnownFileType = text.plist.xml; path = Info.plist; sourceTree = "<group>"; };
		7EE3B186258A55820056F38B /* CharacterTableViewController.swift */ = {isa = PBXFileReference; lastKnownFileType = sourcecode.swift; path = CharacterTableViewController.swift; sourceTree = "<group>"; };
		7EE3B189258A56260056F38B /* InfoTableViewCell.swift */ = {isa = PBXFileReference; lastKnownFileType = sourcecode.swift; path = InfoTableViewCell.swift; sourceTree = "<group>"; };
		7EE3B18E258A76370056F38B /* Character.swift */ = {isa = PBXFileReference; lastKnownFileType = sourcecode.swift; path = Character.swift; sourceTree = "<group>"; };
/* End PBXFileReference section */

/* Begin PBXFrameworksBuildPhase section */
		7EE3B165258A53700056F38B /* Frameworks */ = {
			isa = PBXFrameworksBuildPhase;
			buildActionMask = 2147483647;
			files = (
			);
			runOnlyForDeploymentPostprocessing = 0;
		};
/* End PBXFrameworksBuildPhase section */

/* Begin PBXGroup section */
		7EE3B15F258A536F0056F38B = {
			isa = PBXGroup;
			children = (
				7EE3B16A258A53700056F38B /* Final Fantasy */,
				7EE3B169258A53700056F38B /* Products */,
			);
			sourceTree = "<group>";
		};
		7EE3B169258A53700056F38B /* Products */ = {
			isa = PBXGroup;
			children = (
				7EE3B168258A53700056F38B /* Final Fantasy.app */,
			);
			name = Products;
			sourceTree = "<group>";
		};
		7EE3B16A258A53700056F38B /* Final Fantasy */ = {
			isa = PBXGroup;
			children = (
				7EE3B180258A53860056F38B /* Model */,
				7EE3B183258A53910056F38B /* View */,
				7EE3B182258A538B0056F38B /* ViewModel */,
				7EE3B184258A53AD0056F38B /* Supports */,
				7EE3B186258A55820056F38B /* CharacterTableViewController.swift */,
				7EE3B189258A56260056F38B /* InfoTableViewCell.swift */,
				7E46FCC3258A790F00AF8981 /* CharacterDAO.swift */,
				7EE3B179258A53770056F38B /* Info.plist */,
			);
			path = "Final Fantasy";
			sourceTree = "<group>";
		};
		7EE3B180258A53860056F38B /* Model */ = {
			isa = PBXGroup;
			children = (
				7EE3B18E258A76370056F38B /* Character.swift */,
			);
			path = Model;
			sourceTree = "<group>";
		};
		7EE3B182258A538B0056F38B /* ViewModel */ = {
			isa = PBXGroup;
			children = (
			);
			path = ViewModel;
			sourceTree = "<group>";
		};
		7EE3B183258A53910056F38B /* View */ = {
			isa = PBXGroup;
			children = (
				7EE3B171258A53700056F38B /* Main.storyboard */,
			);
			path = View;
			sourceTree = "<group>";
		};
		7EE3B184258A53AD0056F38B /* Supports */ = {
			isa = PBXGroup;
			children = (
				7EE3B16B258A53700056F38B /* AppDelegate.swift */,
				7EE3B16D258A53700056F38B /* SceneDelegate.swift */,
				7EE3B174258A53770056F38B /* Assets.xcassets */,
				7EE3B176258A53770056F38B /* LaunchScreen.storyboard */,
			);
			path = Supports;
			sourceTree = "<group>";
		};
/* End PBXGroup section */

/* Begin PBXNativeTarget section */
		7EE3B167258A53700056F38B /* Final Fantasy */ = {
			isa = PBXNativeTarget;
			buildConfigurationList = 7EE3B17C258A53770056F38B /* Build configuration list for PBXNativeTarget "Final Fantasy" */;
			buildPhases = (
				7EE3B164258A53700056F38B /* Sources */,
				7EE3B165258A53700056F38B /* Frameworks */,
				7EE3B166258A53700056F38B /* Resources */,
			);
			buildRules = (
			);
			dependencies = (
			);
			name = "Final Fantasy";
			productName = "Final Fantasy";
			productReference = 7EE3B168258A53700056F38B /* Final Fantasy.app */;
			productType = "com.apple.product-type.application";
		};
/* End PBXNativeTarget section */

/* Begin PBXProject section */
		7EE3B160258A536F0056F38B /* Project object */ = {
			isa = PBXProject;
			attributes = {
				LastSwiftUpdateCheck = 1230;
				LastUpgradeCheck = 1230;
				TargetAttributes = {
					7EE3B167258A53700056F38B = {
						CreatedOnToolsVersion = 12.3;
					};
				};
			};
			buildConfigurationList = 7EE3B163258A536F0056F38B /* Build configuration list for PBXProject "Final Fantasy" */;
			compatibilityVersion = "Xcode 9.3";
			developmentRegion = en;
			hasScannedForEncodings = 0;
			knownRegions = (
				en,
				Base,
			);
			mainGroup = 7EE3B15F258A536F0056F38B;
			productRefGroup = 7EE3B169258A53700056F38B /* Products */;
			projectDirPath = "";
			projectRoot = "";
			targets = (
				7EE3B167258A53700056F38B /* Final Fantasy */,
			);
		};
/* End PBXProject section */

/* Begin PBXResourcesBuildPhase section */
		7EE3B166258A53700056F38B /* Resources */ = {
			isa = PBXResourcesBuildPhase;
			buildActionMask = 2147483647;
			files = (
				7EE3B178258A53770056F38B /* LaunchScreen.storyboard in Resources */,
				7EE3B175258A53770056F38B /* Assets.xcassets in Resources */,
				7EE3B173258A53700056F38B /* Main.storyboard in Resources */,
			);
			runOnlyForDeploymentPostprocessing = 0;
		};
/* End PBXResourcesBuildPhase section */

/* Begin PBXSourcesBuildPhase section */
		7EE3B164258A53700056F38B /* Sources */ = {
			isa = PBXSourcesBuildPhase;
			buildActionMask = 2147483647;
			files = (
				7E46FCC4258A790F00AF8981 /* CharacterDAO.swift in Sources */,
				7EE3B18F258A76370056F38B /* Character.swift in Sources */,
				7EE3B16C258A53700056F38B /* AppDelegate.swift in Sources */,
				7EE3B18A258A56260056F38B /* InfoTableViewCell.swift in Sources */,
				7EE3B187258A55820056F38B /* CharacterTableViewController.swift in Sources */,
				7EE3B16E258A53700056F38B /* SceneDelegate.swift in Sources */,
			);
			runOnlyForDeploymentPostprocessing = 0;
		};
/* End PBXSourcesBuildPhase section */

/* Begin PBXVariantGroup section */
		7EE3B171258A53700056F38B /* Main.storyboard */ = {
			isa = PBXVariantGroup;
			children = (
				7EE3B172258A53700056F38B /* Base */,
			);
			name = Main.storyboard;
			sourceTree = "<group>";
		};
		7EE3B176258A53770056F38B /* LaunchScreen.storyboard */ = {
			isa = PBXVariantGroup;
			children = (
				7EE3B177258A53770056F38B /* Base */,
			);
			name = LaunchScreen.storyboard;
			sourceTree = "<group>";
		};
/* End PBXVariantGroup section */

/* Begin XCBuildConfiguration section */
		7EE3B17A258A53770056F38B /* Debug */ = {
			isa = XCBuildConfiguration;
			buildSettings = {
				ALWAYS_SEARCH_USER_PATHS = NO;
				CLANG_ANALYZER_NONNULL = YES;
				CLANG_ANALYZER_NUMBER_OBJECT_CONVERSION = YES_AGGRESSIVE;
				CLANG_CXX_LANGUAGE_STANDARD = "gnu++14";
				CLANG_CXX_LIBRARY = "libc++";
				CLANG_ENABLE_MODULES = YES;
				CLANG_ENABLE_OBJC_ARC = YES;
				CLANG_ENABLE_OBJC_WEAK = YES;
				CLANG_WARN_BLOCK_CAPTURE_AUTORELEASING = YES;
				CLANG_WARN_BOOL_CONVERSION = YES;
				CLANG_WARN_COMMA = YES;
				CLANG_WARN_CONSTANT_CONVERSION = YES;
				CLANG_WARN_DEPRECATED_OBJC_IMPLEMENTATIONS = YES;
				CLANG_WARN_DIRECT_OBJC_ISA_USAGE = YES_ERROR;
				CLANG_WARN_DOCUMENTATION_COMMENTS = YES;
				CLANG_WARN_EMPTY_BODY = YES;
				CLANG_WARN_ENUM_CONVERSION = YES;
				CLANG_WARN_INFINITE_RECURSION = YES;
				CLANG_WARN_INT_CONVERSION = YES;
				CLANG_WARN_NON_LITERAL_NULL_CONVERSION = YES;
				CLANG_WARN_OBJC_IMPLICIT_RETAIN_SELF = YES;
				CLANG_WARN_OBJC_LITERAL_CONVERSION = YES;
				CLANG_WARN_OBJC_ROOT_CLASS = YES_ERROR;
				CLANG_WARN_QUOTED_INCLUDE_IN_FRAMEWORK_HEADER = YES;
				CLANG_WARN_RANGE_LOOP_ANALYSIS = YES;
				CLANG_WARN_STRICT_PROTOTYPES = YES;
				CLANG_WARN_SUSPICIOUS_MOVE = YES;
				CLANG_WARN_UNGUARDED_AVAILABILITY = YES_AGGRESSIVE;
				CLANG_WARN_UNREACHABLE_CODE = YES;
				CLANG_WARN__DUPLICATE_METHOD_MATCH = YES;
				COPY_PHASE_STRIP = NO;
				DEBUG_INFORMATION_FORMAT = dwarf;
				ENABLE_STRICT_OBJC_MSGSEND = YES;
				ENABLE_TESTABILITY = YES;
				GCC_C_LANGUAGE_STANDARD = gnu11;
				GCC_DYNAMIC_NO_PIC = NO;
				GCC_NO_COMMON_BLOCKS = YES;
				GCC_OPTIMIZATION_LEVEL = 0;
				GCC_PREPROCESSOR_DEFINITIONS = (
					"DEBUG=1",
					"$(inherited)",
				);
				GCC_WARN_64_TO_32_BIT_CONVERSION = YES;
				GCC_WARN_ABOUT_RETURN_TYPE = YES_ERROR;
				GCC_WARN_UNDECLARED_SELECTOR = YES;
				GCC_WARN_UNINITIALIZED_AUTOS = YES_AGGRESSIVE;
				GCC_WARN_UNUSED_FUNCTION = YES;
				GCC_WARN_UNUSED_VARIABLE = YES;
				IPHONEOS_DEPLOYMENT_TARGET = 14.3;
				MTL_ENABLE_DEBUG_INFO = INCLUDE_SOURCE;
				MTL_FAST_MATH = YES;
				ONLY_ACTIVE_ARCH = YES;
				SDKROOT = iphoneos;
				SWIFT_ACTIVE_COMPILATION_CONDITIONS = DEBUG;
				SWIFT_OPTIMIZATION_LEVEL = "-Onone";
			};
			name = Debug;
		};
		7EE3B17B258A53770056F38B /* Release */ = {
			isa = XCBuildConfiguration;
			buildSettings = {
				ALWAYS_SEARCH_USER_PATHS = NO;
				CLANG_ANALYZER_NONNULL = YES;
				CLANG_ANALYZER_NUMBER_OBJECT_CONVERSION = YES_AGGRESSIVE;
				CLANG_CXX_LANGUAGE_STANDARD = "gnu++14";
				CLANG_CXX_LIBRARY = "libc++";
				CLANG_ENABLE_MODULES = YES;
				CLANG_ENABLE_OBJC_ARC = YES;
				CLANG_ENABLE_OBJC_WEAK = YES;
				CLANG_WARN_BLOCK_CAPTURE_AUTORELEASING = YES;
				CLANG_WARN_BOOL_CONVERSION = YES;
				CLANG_WARN_COMMA = YES;
				CLANG_WARN_CONSTANT_CONVERSION = YES;
				CLANG_WARN_DEPRECATED_OBJC_IMPLEMENTATIONS = YES;
				CLANG_WARN_DIRECT_OBJC_ISA_USAGE = YES_ERROR;
				CLANG_WARN_DOCUMENTATION_COMMENTS = YES;
				CLANG_WARN_EMPTY_BODY = YES;
				CLANG_WARN_ENUM_CONVERSION = YES;
				CLANG_WARN_INFINITE_RECURSION = YES;
				CLANG_WARN_INT_CONVERSION = YES;
				CLANG_WARN_NON_LITERAL_NULL_CONVERSION = YES;
				CLANG_WARN_OBJC_IMPLICIT_RETAIN_SELF = YES;
				CLANG_WARN_OBJC_LITERAL_CONVERSION = YES;
				CLANG_WARN_OBJC_ROOT_CLASS = YES_ERROR;
				CLANG_WARN_QUOTED_INCLUDE_IN_FRAMEWORK_HEADER = YES;
				CLANG_WARN_RANGE_LOOP_ANALYSIS = YES;
				CLANG_WARN_STRICT_PROTOTYPES = YES;
				CLANG_WARN_SUSPICIOUS_MOVE = YES;
				CLANG_WARN_UNGUARDED_AVAILABILITY = YES_AGGRESSIVE;
				CLANG_WARN_UNREACHABLE_CODE = YES;
				CLANG_WARN__DUPLICATE_METHOD_MATCH = YES;
				COPY_PHASE_STRIP = NO;
				DEBUG_INFORMATION_FORMAT = "dwarf-with-dsym";
				ENABLE_NS_ASSERTIONS = NO;
				ENABLE_STRICT_OBJC_MSGSEND = YES;
				GCC_C_LANGUAGE_STANDARD = gnu11;
				GCC_NO_COMMON_BLOCKS = YES;
				GCC_WARN_64_TO_32_BIT_CONVERSION = YES;
				GCC_WARN_ABOUT_RETURN_TYPE = YES_ERROR;
				GCC_WARN_UNDECLARED_SELECTOR = YES;
				GCC_WARN_UNINITIALIZED_AUTOS = YES_AGGRESSIVE;
				GCC_WARN_UNUSED_FUNCTION = YES;
				GCC_WARN_UNUSED_VARIABLE = YES;
				IPHONEOS_DEPLOYMENT_TARGET = 14.3;
				MTL_ENABLE_DEBUG_INFO = NO;
				MTL_FAST_MATH = YES;
				SDKROOT = iphoneos;
				SWIFT_COMPILATION_MODE = wholemodule;
				SWIFT_OPTIMIZATION_LEVEL = "-O";
				VALIDATE_PRODUCT = YES;
			};
			name = Release;
		};
		7EE3B17D258A53770056F38B /* Debug */ = {
			isa = XCBuildConfiguration;
			buildSettings = {
				ASSETCATALOG_COMPILER_APPICON_NAME = AppIcon;
				ASSETCATALOG_COMPILER_GLOBAL_ACCENT_COLOR_NAME = AccentColor;
				CODE_SIGN_STYLE = Automatic;
				DEVELOPMENT_TEAM = QXX4852TTD;
				INFOPLIST_FILE = "Final Fantasy/Info.plist";
				IPHONEOS_DEPLOYMENT_TARGET = 14.0;
				LD_RUNPATH_SEARCH_PATHS = (
					"$(inherited)",
					"@executable_path/Frameworks",
				);
				PRODUCT_BUNDLE_IDENTIFIER = "com.Brunoprojects.Final-Fantasy";
				PRODUCT_NAME = "$(TARGET_NAME)";
				SWIFT_VERSION = 5.0;
				TARGETED_DEVICE_FAMILY = 1;
			};
			name = Debug;
		};
		7EE3B17E258A53770056F38B /* Release */ = {
			isa = XCBuildConfiguration;
			buildSettings = {
				ASSETCATALOG_COMPILER_APPICON_NAME = AppIcon;
				ASSETCATALOG_COMPILER_GLOBAL_ACCENT_COLOR_NAME = AccentColor;
				CODE_SIGN_STYLE = Automatic;
				DEVELOPMENT_TEAM = QXX4852TTD;
				INFOPLIST_FILE = "Final Fantasy/Info.plist";
				IPHONEOS_DEPLOYMENT_TARGET = 14.0;
				LD_RUNPATH_SEARCH_PATHS = (
					"$(inherited)",
					"@executable_path/Frameworks",
				);
				PRODUCT_BUNDLE_IDENTIFIER = "com.Brunoprojects.Final-Fantasy";
				PRODUCT_NAME = "$(TARGET_NAME)";
				SWIFT_VERSION = 5.0;
				TARGETED_DEVICE_FAMILY = 1;
			};
			name = Release;
		};
/* End XCBuildConfiguration section */

/* Begin XCConfigurationList section */
		7EE3B163258A536F0056F38B /* Build configuration list for PBXProject "Final Fantasy" */ = {
			isa = XCConfigurationList;
			buildConfigurations = (
				7EE3B17A258A53770056F38B /* Debug */,
				7EE3B17B258A53770056F38B /* Release */,
			);
			defaultConfigurationIsVisible = 0;
			defaultConfigurationName = Release;
		};
		7EE3B17C258A53770056F38B /* Build configuration list for PBXNativeTarget "Final Fantasy" */ = {
			isa = XCConfigurationList;
			buildConfigurations = (
				7EE3B17D258A53770056F38B /* Debug */,
				7EE3B17E258A53770056F38B /* Release */,
			);
			defaultConfigurationIsVisible = 0;
			defaultConfigurationName = Release;
		};
/* End XCConfigurationList section */
	};
	rootObject = 7EE3B160258A536F0056F38B /* Project object */;
}
